
Microsoft Visual Studio Solution File, Format Version 12.00
# Visual Studio 15
VisualStudioVersion = 15.0.28307.757
MinimumVisualStudioVersion = 10.0.40219.1
Project("{FAE04EC0-301F-11D3-BF4B-00C04F79EFBC}") = "CatalogoDesktop", "TP2_Valenzuela_Elias\CatalogoDesktop.csproj", "{9C349C25-7901-4365-A892-217C473C5C0F}"
EndProject
Project("{FAE04EC0-301F-11D3-BF4B-00C04F79EFBC}") = "Dominio", "Dominio\Dominio.csproj", "{3E8384EE-BF47-444E-BE11-4C960CF63891}"
EndProject
Project("{FAE04EC0-301F-11D3-BF4B-00C04F79EFBC}") = "Negocio", "Negocio\Negocio.csproj", "{B68FEE59-93FF-47A6-AE7F-CDFABE343E12}"
EndProject
Global
	GlobalSection(SolutionConfigurationPlatforms) = preSolution
		Debug|Any CPU = Debug|Any CPU
		Release|Any CPU = Release|Any CPU
	EndGlobalSection
	GlobalSection(ProjectConfigurationPlatforms) = postSolution
		{9C349C25-7901-4365-A892-217C473C5C0F}.Debug|Any CPU.ActiveCfg = Debug|Any CPU
		{9C349C25-7901-4365-A892-217C473C5C0F}.Debug|Any CPU.Build.0 = Debug|Any CPU
		{9C349C25-7901-4365-A892-217C473C5C0F}.Release|Any CPU.ActiveCfg = Release|Any CPU
		{9C349C25-7901-4365-A892-217C473C5C0F}.Release|Any CPU.Build.0 = Release|Any CPU
		{3E8384EE-BF47-444E-BE11-4C960CF63891}.Debug|Any CPU.ActiveCfg = Debug|Any CPU
		{3E8384EE-BF47-444E-BE11-4C960CF63891}.Debug|Any CPU.Build.0 = Debug|Any CPU
		{3E8384EE-BF47-444E-BE11-4C960CF63891}.Release|Any CPU.ActiveCfg = Release|Any CPU
		{3E8384EE-BF47-444E-BE11-4C960CF63891}.Release|Any CPU.Build.0 = Release|Any CPU
		{B68FEE59-93FF-47A6-AE7F-CDFABE343E12}.Debug|Any CPU.ActiveCfg = Debug|Any CPU
		{B68FEE59-93FF-47A6-AE7F-CDFABE343E12}.Debug|Any CPU.Build.0 = Debug|Any CPU
		{B68FEE59-93FF-47A6-AE7F-CDFABE343E12}.Release|Any CPU.ActiveCfg = Release|Any CPU
		{B68FEE59-93FF-47A6-AE7F-CDFABE343E12}.Release|Any CPU.Build.0 = Release|Any CPU
	EndGlobalSection
	GlobalSection(SolutionProperties) = preSolution
		HideSolutionNode = FALSE
	EndGlobalSection
	GlobalSection(ExtensibilityGlobals) = postSolution
		SolutionGuid = {32C4CFFE-9724-49B6-82D7-FBDEF01E51B7}
	EndGlobalSection
EndGlobal
